
Microsoft Visual Studio Solution File, Format Version 12.00
# Visual Studio Version 17
VisualStudioVersion = 17.9.34723.18
MinimumVisualStudioVersion = 10.0.40219.1
Project("{FAE04EC0-301F-11D3-BF4B-00C04F79EFBC}") = "ClassAndObject", "ClassAndObject\ClassAndObject.csproj", "{B0731BCE-0555-4F4B-92A2-F554BFC9743E}"
EndProject
Global
	GlobalSection(SolutionConfigurationPlatforms) = preSolution
		Debug|Any CPU = Debug|Any CPU
		Release|Any CPU = Release|Any CPU
	EndGlobalSection
	GlobalSection(ProjectConfigurationPlatforms) = postSolution
		{B0731BCE-0555-4F4B-92A2-F554BFC9743E}.Debug|Any CPU.ActiveCfg = Debug|Any CPU
		{B0731BCE-0555-4F4B-92A2-F554BFC9743E}.Debug|Any CPU.Build.0 = Debug|Any CPU
		{B0731BCE-0555-4F4B-92A2-F554BFC9743E}.Release|Any CPU.ActiveCfg = Release|Any CPU
		{B0731BCE-0555-4F4B-92A2-F554BFC9743E}.Release|Any CPU.Build.0 = Release|Any CPU
	EndGlobalSection
	GlobalSection(SolutionProperties) = preSolution
		HideSolutionNode = FALSE
	EndGlobalSection
	GlobalSection(ExtensibilityGlobals) = postSolution
		SolutionGuid = {6A4150D1-E172-47AB-9EC9-516E01B9B022}
	EndGlobalSection
EndGlobal
