
Microsoft Visual Studio Solution File, Format Version 12.00
# Visual Studio Version 17
VisualStudioVersion = 17.9.34723.18
MinimumVisualStudioVersion = 10.0.40219.1
Project("{2150E333-8FDC-42A3-9474-1A3956D46DE8}") = "Creational", "Creational", "{ABCE82CB-CB9D-4414-9910-0C4DA8C714CF}"
EndProject
Project("{2150E333-8FDC-42A3-9474-1A3956D46DE8}") = "Structural", "Structural", "{00DF61F3-008A-405F-B367-BE86BEFF6880}"
EndProject
Project("{2150E333-8FDC-42A3-9474-1A3956D46DE8}") = "Behavioral", "Behavioral", "{E32296C1-A76F-4A9F-95DC-728C69A4FCE4}"
EndProject
Project("{FAE04EC0-301F-11D3-BF4B-00C04F79EFBC}") = "FactoryMethod", "FactoryMethod\FactoryMethod.csproj", "{E96DD6E7-B411-4D1B-B70F-4858D0DC8867}"
EndProject
Project("{FAE04EC0-301F-11D3-BF4B-00C04F79EFBC}") = "AbstractFactory", "AbstractFactory\AbstractFactory.csproj", "{A91AE6D5-D72C-44E0-AC87-D7893C722001}"
EndProject
Global
	GlobalSection(SolutionConfigurationPlatforms) = preSolution
		Debug|Any CPU = Debug|Any CPU
		Release|Any CPU = Release|Any CPU
	EndGlobalSection
	GlobalSection(ProjectConfigurationPlatforms) = postSolution
		{E96DD6E7-B411-4D1B-B70F-4858D0DC8867}.Debug|Any CPU.ActiveCfg = Debug|Any CPU
		{E96DD6E7-B411-4D1B-B70F-4858D0DC8867}.Debug|Any CPU.Build.0 = Debug|Any CPU
		{E96DD6E7-B411-4D1B-B70F-4858D0DC8867}.Release|Any CPU.ActiveCfg = Release|Any CPU
		{E96DD6E7-B411-4D1B-B70F-4858D0DC8867}.Release|Any CPU.Build.0 = Release|Any CPU
		{A91AE6D5-D72C-44E0-AC87-D7893C722001}.Debug|Any CPU.ActiveCfg = Debug|Any CPU
		{A91AE6D5-D72C-44E0-AC87-D7893C722001}.Debug|Any CPU.Build.0 = Debug|Any CPU
		{A91AE6D5-D72C-44E0-AC87-D7893C722001}.Release|Any CPU.ActiveCfg = Release|Any CPU
		{A91AE6D5-D72C-44E0-AC87-D7893C722001}.Release|Any CPU.Build.0 = Release|Any CPU
	EndGlobalSection
	GlobalSection(SolutionProperties) = preSolution
		HideSolutionNode = FALSE
	EndGlobalSection
	GlobalSection(NestedProjects) = preSolution
		{E96DD6E7-B411-4D1B-B70F-4858D0DC8867} = {ABCE82CB-CB9D-4414-9910-0C4DA8C714CF}
		{A91AE6D5-D72C-44E0-AC87-D7893C722001} = {ABCE82CB-CB9D-4414-9910-0C4DA8C714CF}
	EndGlobalSection
	GlobalSection(ExtensibilityGlobals) = postSolution
		SolutionGuid = {85E8C92D-723B-4343-A342-620C32B14E7F}
	EndGlobalSection
EndGlobal
