
Microsoft Visual Studio Solution File, Format Version 12.00
# Visual Studio Version 17
VisualStudioVersion = 17.9.34723.18
MinimumVisualStudioVersion = 10.0.40219.1
Project("{2150E333-8FDC-42A3-9474-1A3956D46DE8}") = "Creational", "Creational", "{ABCE82CB-CB9D-4414-9910-0C4DA8C714CF}"
EndProject
Project("{2150E333-8FDC-42A3-9474-1A3956D46DE8}") = "Structural", "Structural", "{00DF61F3-008A-405F-B367-BE86BEFF6880}"
EndProject
Project("{2150E333-8FDC-42A3-9474-1A3956D46DE8}") = "Behavioral", "Behavioral", "{E32296C1-A76F-4A9F-95DC-728C69A4FCE4}"
EndProject
Project("{9A19103F-16F7-4668-BE54-9A1E7A4F7556}") = "FactoryMethod", "FactoryMethod\FactoryMethod.csproj", "{E96DD6E7-B411-4D1B-B70F-4858D0DC8867}"
EndProject
Project("{9A19103F-16F7-4668-BE54-9A1E7A4F7556}") = "AbstractFactory", "AbstractFactory\AbstractFactory.csproj", "{A91AE6D5-D72C-44E0-AC87-D7893C722001}"
EndProject
Project("{9A19103F-16F7-4668-BE54-9A1E7A4F7556}") = "Builder", "Builder\Builder.csproj", "{DD7666E9-A8F1-41D3-9A8A-DC0595B1FF04}"
EndProject
Project("{9A19103F-16F7-4668-BE54-9A1E7A4F7556}") = "BuilderInAspNET", "BuilderInAspNET\BuilderInAspNET.csproj", "{C52B9818-5CB8-4BDE-B021-9FC7219A354D}"
EndProject
Project("{9A19103F-16F7-4668-BE54-9A1E7A4F7556}") = "Prototype", "Prototype\Prototype.csproj", "{F4F26A3A-C2CC-4077-9420-3E0BEAA1BD1C}"
EndProject
Project("{9A19103F-16F7-4668-BE54-9A1E7A4F7556}") = "Singleton", "Singleton\Singleton.csproj", "{310D1D3B-3894-4B3D-B32A-A836A9E08688}"
EndProject
Project("{9A19103F-16F7-4668-BE54-9A1E7A4F7556}") = "Adapter", "Adapter\Adapter.csproj", "{A91B5AEA-5FAB-44DF-A3F7-D216DC865D82}"
EndProject
Project("{9A19103F-16F7-4668-BE54-9A1E7A4F7556}") = "Bridge", "Bridge\Bridge.csproj", "{CF20F5CC-5BCD-4F2A-A167-92E523110741}"
EndProject
Project("{9A19103F-16F7-4668-BE54-9A1E7A4F7556}") = "Composite", "Composite\Composite.csproj", "{480CC5FE-5EBD-4450-8178-A41FD4B71215}"
EndProject
Project("{9A19103F-16F7-4668-BE54-9A1E7A4F7556}") = "Decorator", "Decorator\Decorator.csproj", "{3939D462-1B73-40D0-A10F-0562B883E3B0}"
EndProject
Project("{9A19103F-16F7-4668-BE54-9A1E7A4F7556}") = "Facade", "Facade\Facade.csproj", "{231095D7-9E16-45F5-8DA0-4EA0739C7FE3}"
EndProject
Project("{9A19103F-16F7-4668-BE54-9A1E7A4F7556}") = "Flyweight", "Flyweight\Flyweight.csproj", "{B9DBF15F-27E3-436A-8952-208D2E68DE00}"
EndProject
Project("{9A19103F-16F7-4668-BE54-9A1E7A4F7556}") = "Proxy", "Proxy\Proxy.csproj", "{C8C2166C-290D-4A5C-B973-553DE824D703}"
EndProject
Project("{9A19103F-16F7-4668-BE54-9A1E7A4F7556}") = "ChainOfResponsibilty", "ChainOfResponsibilty\ChainOfResponsibilty.csproj", "{82E00CA3-4B26-4AD9-91D2-94DBC02BDB61}"
EndProject
Project("{9A19103F-16F7-4668-BE54-9A1E7A4F7556}") = "Command", "Command\Command.csproj", "{8A7FD80B-31A7-49BE-BBE2-6CBE62C18198}"
EndProject
Project("{9A19103F-16F7-4668-BE54-9A1E7A4F7556}") = "Interpreter", "Interpreter\Interpreter.csproj", "{AF6C307D-3921-461E-803A-38535B4E06DD}"
EndProject
Project("{9A19103F-16F7-4668-BE54-9A1E7A4F7556}") = "Iterator", "Iterator\Iterator.csproj", "{B2DFBC5D-56FA-4336-B4E2-437E001A97BC}"
EndProject
Project("{FAE04EC0-301F-11D3-BF4B-00C04F79EFBC}") = "Mediator", "Mediator\Mediator.csproj", "{24AF6161-58E4-4E39-93E3-853ED02B5025}"
EndProject
Project("{9A19103F-16F7-4668-BE54-9A1E7A4F7556}") = "Memento", "Memento\Memento.csproj", "{776A6077-7212-4915-AFC9-3F4B0A36964E}"
EndProject
Project("{9A19103F-16F7-4668-BE54-9A1E7A4F7556}") = "Observer", "Observer\Observer.csproj", "{708F0F15-2398-4738-9143-F5E95006637E}"
EndProject
Project("{9A19103F-16F7-4668-BE54-9A1E7A4F7556}") = "Strategy", "Strategy\Strategy.csproj", "{DA394CDB-7DDB-4BBE-B7CE-9335006060A6}"
EndProject
Project("{FAE04EC0-301F-11D3-BF4B-00C04F79EFBC}") = "State", "State\State.csproj", "{76F1E59E-BE10-40C9-B93E-847FE4502F63}"
EndProject
Project("{9A19103F-16F7-4668-BE54-9A1E7A4F7556}") = "TemplateMethod", "TemplateMethod\TemplateMethod.csproj", "{630AA275-EA40-4BCA-9B6D-FF468E72B208}"
EndProject
Project("{FAE04EC0-301F-11D3-BF4B-00C04F79EFBC}") = "Visitor", "Visitor\Visitor.csproj", "{7247DA76-01CE-47AA-B3B6-7083B3275349}"
EndProject
Global
	GlobalSection(SolutionConfigurationPlatforms) = preSolution
		Debug|Any CPU = Debug|Any CPU
		Release|Any CPU = Release|Any CPU
	EndGlobalSection
	GlobalSection(ProjectConfigurationPlatforms) = postSolution
		{E96DD6E7-B411-4D1B-B70F-4858D0DC8867}.Debug|Any CPU.ActiveCfg = Debug|Any CPU
		{E96DD6E7-B411-4D1B-B70F-4858D0DC8867}.Debug|Any CPU.Build.0 = Debug|Any CPU
		{E96DD6E7-B411-4D1B-B70F-4858D0DC8867}.Release|Any CPU.ActiveCfg = Release|Any CPU
		{E96DD6E7-B411-4D1B-B70F-4858D0DC8867}.Release|Any CPU.Build.0 = Release|Any CPU
		{A91AE6D5-D72C-44E0-AC87-D7893C722001}.Debug|Any CPU.ActiveCfg = Debug|Any CPU
		{A91AE6D5-D72C-44E0-AC87-D7893C722001}.Debug|Any CPU.Build.0 = Debug|Any CPU
		{A91AE6D5-D72C-44E0-AC87-D7893C722001}.Release|Any CPU.ActiveCfg = Release|Any CPU
		{A91AE6D5-D72C-44E0-AC87-D7893C722001}.Release|Any CPU.Build.0 = Release|Any CPU
		{DD7666E9-A8F1-41D3-9A8A-DC0595B1FF04}.Debug|Any CPU.ActiveCfg = Debug|Any CPU
		{DD7666E9-A8F1-41D3-9A8A-DC0595B1FF04}.Debug|Any CPU.Build.0 = Debug|Any CPU
		{DD7666E9-A8F1-41D3-9A8A-DC0595B1FF04}.Release|Any CPU.ActiveCfg = Release|Any CPU
		{DD7666E9-A8F1-41D3-9A8A-DC0595B1FF04}.Release|Any CPU.Build.0 = Release|Any CPU
		{C52B9818-5CB8-4BDE-B021-9FC7219A354D}.Debug|Any CPU.ActiveCfg = Debug|Any CPU
		{C52B9818-5CB8-4BDE-B021-9FC7219A354D}.Debug|Any CPU.Build.0 = Debug|Any CPU
		{C52B9818-5CB8-4BDE-B021-9FC7219A354D}.Release|Any CPU.ActiveCfg = Release|Any CPU
		{C52B9818-5CB8-4BDE-B021-9FC7219A354D}.Release|Any CPU.Build.0 = Release|Any CPU
		{F4F26A3A-C2CC-4077-9420-3E0BEAA1BD1C}.Debug|Any CPU.ActiveCfg = Debug|Any CPU
		{F4F26A3A-C2CC-4077-9420-3E0BEAA1BD1C}.Debug|Any CPU.Build.0 = Debug|Any CPU
		{F4F26A3A-C2CC-4077-9420-3E0BEAA1BD1C}.Release|Any CPU.ActiveCfg = Release|Any CPU
		{F4F26A3A-C2CC-4077-9420-3E0BEAA1BD1C}.Release|Any CPU.Build.0 = Release|Any CPU
		{310D1D3B-3894-4B3D-B32A-A836A9E08688}.Debug|Any CPU.ActiveCfg = Debug|Any CPU
		{310D1D3B-3894-4B3D-B32A-A836A9E08688}.Debug|Any CPU.Build.0 = Debug|Any CPU
		{310D1D3B-3894-4B3D-B32A-A836A9E08688}.Release|Any CPU.ActiveCfg = Release|Any CPU
		{310D1D3B-3894-4B3D-B32A-A836A9E08688}.Release|Any CPU.Build.0 = Release|Any CPU
		{A91B5AEA-5FAB-44DF-A3F7-D216DC865D82}.Debug|Any CPU.ActiveCfg = Debug|Any CPU
		{A91B5AEA-5FAB-44DF-A3F7-D216DC865D82}.Debug|Any CPU.Build.0 = Debug|Any CPU
		{A91B5AEA-5FAB-44DF-A3F7-D216DC865D82}.Release|Any CPU.ActiveCfg = Release|Any CPU
		{A91B5AEA-5FAB-44DF-A3F7-D216DC865D82}.Release|Any CPU.Build.0 = Release|Any CPU
		{CF20F5CC-5BCD-4F2A-A167-92E523110741}.Debug|Any CPU.ActiveCfg = Debug|Any CPU
		{CF20F5CC-5BCD-4F2A-A167-92E523110741}.Debug|Any CPU.Build.0 = Debug|Any CPU
		{CF20F5CC-5BCD-4F2A-A167-92E523110741}.Release|Any CPU.ActiveCfg = Release|Any CPU
		{CF20F5CC-5BCD-4F2A-A167-92E523110741}.Release|Any CPU.Build.0 = Release|Any CPU
		{480CC5FE-5EBD-4450-8178-A41FD4B71215}.Debug|Any CPU.ActiveCfg = Debug|Any CPU
		{480CC5FE-5EBD-4450-8178-A41FD4B71215}.Debug|Any CPU.Build.0 = Debug|Any CPU
		{480CC5FE-5EBD-4450-8178-A41FD4B71215}.Release|Any CPU.ActiveCfg = Release|Any CPU
		{480CC5FE-5EBD-4450-8178-A41FD4B71215}.Release|Any CPU.Build.0 = Release|Any CPU
		{3939D462-1B73-40D0-A10F-0562B883E3B0}.Debug|Any CPU.ActiveCfg = Debug|Any CPU
		{3939D462-1B73-40D0-A10F-0562B883E3B0}.Debug|Any CPU.Build.0 = Debug|Any CPU
		{3939D462-1B73-40D0-A10F-0562B883E3B0}.Release|Any CPU.ActiveCfg = Release|Any CPU
		{3939D462-1B73-40D0-A10F-0562B883E3B0}.Release|Any CPU.Build.0 = Release|Any CPU
		{231095D7-9E16-45F5-8DA0-4EA0739C7FE3}.Debug|Any CPU.ActiveCfg = Debug|Any CPU
		{231095D7-9E16-45F5-8DA0-4EA0739C7FE3}.Debug|Any CPU.Build.0 = Debug|Any CPU
		{231095D7-9E16-45F5-8DA0-4EA0739C7FE3}.Release|Any CPU.ActiveCfg = Release|Any CPU
		{231095D7-9E16-45F5-8DA0-4EA0739C7FE3}.Release|Any CPU.Build.0 = Release|Any CPU
		{B9DBF15F-27E3-436A-8952-208D2E68DE00}.Debug|Any CPU.ActiveCfg = Debug|Any CPU
		{B9DBF15F-27E3-436A-8952-208D2E68DE00}.Debug|Any CPU.Build.0 = Debug|Any CPU
		{B9DBF15F-27E3-436A-8952-208D2E68DE00}.Release|Any CPU.ActiveCfg = Release|Any CPU
		{B9DBF15F-27E3-436A-8952-208D2E68DE00}.Release|Any CPU.Build.0 = Release|Any CPU
		{C8C2166C-290D-4A5C-B973-553DE824D703}.Debug|Any CPU.ActiveCfg = Debug|Any CPU
		{C8C2166C-290D-4A5C-B973-553DE824D703}.Debug|Any CPU.Build.0 = Debug|Any CPU
		{C8C2166C-290D-4A5C-B973-553DE824D703}.Release|Any CPU.ActiveCfg = Release|Any CPU
		{C8C2166C-290D-4A5C-B973-553DE824D703}.Release|Any CPU.Build.0 = Release|Any CPU
		{82E00CA3-4B26-4AD9-91D2-94DBC02BDB61}.Debug|Any CPU.ActiveCfg = Debug|Any CPU
		{82E00CA3-4B26-4AD9-91D2-94DBC02BDB61}.Debug|Any CPU.Build.0 = Debug|Any CPU
		{82E00CA3-4B26-4AD9-91D2-94DBC02BDB61}.Release|Any CPU.ActiveCfg = Release|Any CPU
		{82E00CA3-4B26-4AD9-91D2-94DBC02BDB61}.Release|Any CPU.Build.0 = Release|Any CPU
		{8A7FD80B-31A7-49BE-BBE2-6CBE62C18198}.Debug|Any CPU.ActiveCfg = Debug|Any CPU
		{8A7FD80B-31A7-49BE-BBE2-6CBE62C18198}.Debug|Any CPU.Build.0 = Debug|Any CPU
		{8A7FD80B-31A7-49BE-BBE2-6CBE62C18198}.Release|Any CPU.ActiveCfg = Release|Any CPU
		{8A7FD80B-31A7-49BE-BBE2-6CBE62C18198}.Release|Any CPU.Build.0 = Release|Any CPU
		{AF6C307D-3921-461E-803A-38535B4E06DD}.Debug|Any CPU.ActiveCfg = Debug|Any CPU
		{AF6C307D-3921-461E-803A-38535B4E06DD}.Debug|Any CPU.Build.0 = Debug|Any CPU
		{AF6C307D-3921-461E-803A-38535B4E06DD}.Release|Any CPU.ActiveCfg = Release|Any CPU
		{AF6C307D-3921-461E-803A-38535B4E06DD}.Release|Any CPU.Build.0 = Release|Any CPU
		{B2DFBC5D-56FA-4336-B4E2-437E001A97BC}.Debug|Any CPU.ActiveCfg = Debug|Any CPU
		{B2DFBC5D-56FA-4336-B4E2-437E001A97BC}.Debug|Any CPU.Build.0 = Debug|Any CPU
		{B2DFBC5D-56FA-4336-B4E2-437E001A97BC}.Release|Any CPU.ActiveCfg = Release|Any CPU
		{B2DFBC5D-56FA-4336-B4E2-437E001A97BC}.Release|Any CPU.Build.0 = Release|Any CPU
		{24AF6161-58E4-4E39-93E3-853ED02B5025}.Debug|Any CPU.ActiveCfg = Debug|Any CPU
		{24AF6161-58E4-4E39-93E3-853ED02B5025}.Debug|Any CPU.Build.0 = Debug|Any CPU
		{24AF6161-58E4-4E39-93E3-853ED02B5025}.Release|Any CPU.ActiveCfg = Release|Any CPU
		{24AF6161-58E4-4E39-93E3-853ED02B5025}.Release|Any CPU.Build.0 = Release|Any CPU
		{776A6077-7212-4915-AFC9-3F4B0A36964E}.Debug|Any CPU.ActiveCfg = Debug|Any CPU
		{776A6077-7212-4915-AFC9-3F4B0A36964E}.Debug|Any CPU.Build.0 = Debug|Any CPU
		{776A6077-7212-4915-AFC9-3F4B0A36964E}.Release|Any CPU.ActiveCfg = Release|Any CPU
		{776A6077-7212-4915-AFC9-3F4B0A36964E}.Release|Any CPU.Build.0 = Release|Any CPU
		{708F0F15-2398-4738-9143-F5E95006637E}.Debug|Any CPU.ActiveCfg = Debug|Any CPU
		{708F0F15-2398-4738-9143-F5E95006637E}.Debug|Any CPU.Build.0 = Debug|Any CPU
		{708F0F15-2398-4738-9143-F5E95006637E}.Release|Any CPU.ActiveCfg = Release|Any CPU
		{708F0F15-2398-4738-9143-F5E95006637E}.Release|Any CPU.Build.0 = Release|Any CPU
		{DA394CDB-7DDB-4BBE-B7CE-9335006060A6}.Debug|Any CPU.ActiveCfg = Debug|Any CPU
		{DA394CDB-7DDB-4BBE-B7CE-9335006060A6}.Debug|Any CPU.Build.0 = Debug|Any CPU
		{DA394CDB-7DDB-4BBE-B7CE-9335006060A6}.Release|Any CPU.ActiveCfg = Release|Any CPU
		{DA394CDB-7DDB-4BBE-B7CE-9335006060A6}.Release|Any CPU.Build.0 = Release|Any CPU
		{76F1E59E-BE10-40C9-B93E-847FE4502F63}.Debug|Any CPU.ActiveCfg = Debug|Any CPU
		{76F1E59E-BE10-40C9-B93E-847FE4502F63}.Debug|Any CPU.Build.0 = Debug|Any CPU
		{76F1E59E-BE10-40C9-B93E-847FE4502F63}.Release|Any CPU.ActiveCfg = Release|Any CPU
		{76F1E59E-BE10-40C9-B93E-847FE4502F63}.Release|Any CPU.Build.0 = Release|Any CPU
		{630AA275-EA40-4BCA-9B6D-FF468E72B208}.Debug|Any CPU.ActiveCfg = Debug|Any CPU
		{630AA275-EA40-4BCA-9B6D-FF468E72B208}.Debug|Any CPU.Build.0 = Debug|Any CPU
		{630AA275-EA40-4BCA-9B6D-FF468E72B208}.Release|Any CPU.ActiveCfg = Release|Any CPU
		{630AA275-EA40-4BCA-9B6D-FF468E72B208}.Release|Any CPU.Build.0 = Release|Any CPU
		{7247DA76-01CE-47AA-B3B6-7083B3275349}.Debug|Any CPU.ActiveCfg = Debug|Any CPU
		{7247DA76-01CE-47AA-B3B6-7083B3275349}.Debug|Any CPU.Build.0 = Debug|Any CPU
		{7247DA76-01CE-47AA-B3B6-7083B3275349}.Release|Any CPU.ActiveCfg = Release|Any CPU
		{7247DA76-01CE-47AA-B3B6-7083B3275349}.Release|Any CPU.Build.0 = Release|Any CPU
	EndGlobalSection
	GlobalSection(SolutionProperties) = preSolution
		HideSolutionNode = FALSE
	EndGlobalSection
	GlobalSection(NestedProjects) = preSolution
		{E96DD6E7-B411-4D1B-B70F-4858D0DC8867} = {ABCE82CB-CB9D-4414-9910-0C4DA8C714CF}
		{A91AE6D5-D72C-44E0-AC87-D7893C722001} = {ABCE82CB-CB9D-4414-9910-0C4DA8C714CF}
		{DD7666E9-A8F1-41D3-9A8A-DC0595B1FF04} = {ABCE82CB-CB9D-4414-9910-0C4DA8C714CF}
		{C52B9818-5CB8-4BDE-B021-9FC7219A354D} = {ABCE82CB-CB9D-4414-9910-0C4DA8C714CF}
		{F4F26A3A-C2CC-4077-9420-3E0BEAA1BD1C} = {ABCE82CB-CB9D-4414-9910-0C4DA8C714CF}
		{310D1D3B-3894-4B3D-B32A-A836A9E08688} = {ABCE82CB-CB9D-4414-9910-0C4DA8C714CF}
		{A91B5AEA-5FAB-44DF-A3F7-D216DC865D82} = {00DF61F3-008A-405F-B367-BE86BEFF6880}
		{CF20F5CC-5BCD-4F2A-A167-92E523110741} = {00DF61F3-008A-405F-B367-BE86BEFF6880}
		{480CC5FE-5EBD-4450-8178-A41FD4B71215} = {00DF61F3-008A-405F-B367-BE86BEFF6880}
		{3939D462-1B73-40D0-A10F-0562B883E3B0} = {00DF61F3-008A-405F-B367-BE86BEFF6880}
		{231095D7-9E16-45F5-8DA0-4EA0739C7FE3} = {00DF61F3-008A-405F-B367-BE86BEFF6880}
		{B9DBF15F-27E3-436A-8952-208D2E68DE00} = {00DF61F3-008A-405F-B367-BE86BEFF6880}
		{C8C2166C-290D-4A5C-B973-553DE824D703} = {00DF61F3-008A-405F-B367-BE86BEFF6880}
		{82E00CA3-4B26-4AD9-91D2-94DBC02BDB61} = {E32296C1-A76F-4A9F-95DC-728C69A4FCE4}
		{8A7FD80B-31A7-49BE-BBE2-6CBE62C18198} = {E32296C1-A76F-4A9F-95DC-728C69A4FCE4}
		{AF6C307D-3921-461E-803A-38535B4E06DD} = {E32296C1-A76F-4A9F-95DC-728C69A4FCE4}
		{B2DFBC5D-56FA-4336-B4E2-437E001A97BC} = {E32296C1-A76F-4A9F-95DC-728C69A4FCE4}
		{24AF6161-58E4-4E39-93E3-853ED02B5025} = {E32296C1-A76F-4A9F-95DC-728C69A4FCE4}
		{776A6077-7212-4915-AFC9-3F4B0A36964E} = {E32296C1-A76F-4A9F-95DC-728C69A4FCE4}
		{708F0F15-2398-4738-9143-F5E95006637E} = {E32296C1-A76F-4A9F-95DC-728C69A4FCE4}
		{DA394CDB-7DDB-4BBE-B7CE-9335006060A6} = {E32296C1-A76F-4A9F-95DC-728C69A4FCE4}
		{76F1E59E-BE10-40C9-B93E-847FE4502F63} = {E32296C1-A76F-4A9F-95DC-728C69A4FCE4}
		{630AA275-EA40-4BCA-9B6D-FF468E72B208} = {E32296C1-A76F-4A9F-95DC-728C69A4FCE4}
		{7247DA76-01CE-47AA-B3B6-7083B3275349} = {E32296C1-A76F-4A9F-95DC-728C69A4FCE4}
	EndGlobalSection
	GlobalSection(ExtensibilityGlobals) = postSolution
		SolutionGuid = {85E8C92D-723B-4343-A342-620C32B14E7F}
	EndGlobalSection
EndGlobal
